<?xml version="1.0" encoding="utf-8"?>
<Project ToolsVersion="4.0" xmlns="http://schemas.microsoft.com/developer/msbuild/2003">
  <ItemGroup>
    <ClCompile Include="main.cpp" />
    <ClCompile Include="ElectricMeter.cpp">
      <Filter>WeildLib</Filter>
    </ClCompile>
    <ClCompile Include="MyTime.cpp">
      <Filter>WeildLib</Filter>
    </ClCompile>
    <ClCompile Include="ParserPort.cpp">
      <Filter>WeildLib</Filter>
    </ClCompile>
    <ClCompile Include="pugixml.cpp">
      <Filter>WeildLib</Filter>
    </ClCompile>
    <ClCompile Include="ShiftRegister.cpp">
      <Filter>WeildLib</Filter>
    </ClCompile>
    <ClCompile Include="SPI.cpp">
      <Filter>WeildLib</Filter>
    </ClCompile>
    <ClCompile Include="UBMLed.cpp">
      <Filter>WeildLib</Filter>
    </ClCompile>
    <ClCompile Include="WeildADC.cpp">
      <Filter>WeildLib</Filter>
    </ClCompile>
    <ClCompile Include="WeildLog.cpp">
      <Filter>WeildLib</Filter>
    </ClCompile>
    <ClCompile Include="WeildServer.cpp">
      <Filter>WeildLib</Filter>
    </ClCompile>
    <ClCompile Include="weilgand.cpp">
      <Filter>WeildLib</Filter>
    </ClCompile>
    <ClCompile Include="Wifi.cpp">
      <Filter>WeildLib</Filter>
    </ClCompile>
    <ClCompile Include="wifi_scan.c">
      <Filter>WeildLib</Filter>
    </ClCompile>
    <ClCompile Include="WeildParseDev.cpp">
      <Filter>WeildDev</Filter>
    </ClCompile>
    <ClCompile Include="LedGpio.cpp">
      <Filter>WeildLib</Filter>
    </ClCompile>
    <ClCompile Include="WeildUBM.cpp">
      <Filter>WeildDev</Filter>
    </ClCompile>
  </ItemGroup>
  <ItemGroup>
    <ClInclude Include="ElectricMeter.h">
      <Filter>WeildLib</Filter>
    </ClInclude>
    <ClInclude Include="MyTime.h">
      <Filter>WeildLib</Filter>
    </ClInclude>
    <ClInclude Include="ParserPort.h">
      <Filter>WeildLib</Filter>
    </ClInclude>
    <ClInclude Include="pugiconfig.hpp">
      <Filter>WeildLib</Filter>
    </ClInclude>
    <ClInclude Include="pugixml.hpp">
      <Filter>WeildLib</Filter>
    </ClInclude>
    <ClInclude Include="ShiftRegister.h">
      <Filter>WeildLib</Filter>
    </ClInclude>
    <ClInclude Include="SPI.h">
      <Filter>WeildLib</Filter>
    </ClInclude>
    <ClInclude Include="UBMLed.h">
      <Filter>WeildLib</Filter>
    </ClInclude>
    <ClInclude Include="WeildADC.h">
      <Filter>WeildLib</Filter>
    </ClInclude>
    <ClInclude Include="WeildLog.h">
      <Filter>WeildLib</Filter>
    </ClInclude>
    <ClInclude Include="WeildServer.h">
      <Filter>WeildLib</Filter>
    </ClInclude>
    <ClInclude Include="weilgand.h">
      <Filter>WeildLib</Filter>
    </ClInclude>
    <ClInclude Include="Wifi.h">
      <Filter>WeildLib</Filter>
    </ClInclude>
    <ClInclude Include="wifi_scan.h">
      <Filter>WeildLib</Filter>
    </ClInclude>
    <ClInclude Include="WeildParseDev.h">
      <Filter>WeildDev</Filter>
    </ClInclude>
    <ClInclude Include="LedGpio.h">
      <Filter>WeildLib</Filter>
    </ClInclude>
    <ClInclude Include="WeildUBM.h">
      <Filter>WeildDev</Filter>
    </ClInclude>
  </ItemGroup>
  <ItemGroup>
    <None Include="WeildAOTAI.vcxproj.user" />
  </ItemGroup>
  <ItemGroup>
    <Filter Include="WeildLib">
      <UniqueIdentifier>{13298c24-46b3-459b-8ce4-7791535c49be}</UniqueIdentifier>
    </Filter>
    <Filter Include="WeildDev">
      <UniqueIdentifier>{cdb6f74a-6281-49a4-b925-e27d33734bf7}</UniqueIdentifier>
    </Filter>
  </ItemGroup>
</Project>